
Microsoft Visual Studio Solution File, Format Version 12.00
# Visual Studio 15
VisualStudioVersion = 15.0.28307.421
MinimumVisualStudioVersion = 10.0.40219.1
Project("{FAE04EC0-301F-11D3-BF4B-00C04F79EFBC}") = "Northwind.WinUI", "Northwind.WinUI\Northwind.WinUI.csproj", "{87E9E516-B5CB-409C-AB42-2E492287AB66}"
EndProject
Project("{FAE04EC0-301F-11D3-BF4B-00C04F79EFBC}") = "Northwind.BLL", "Northwind.BLL\Northwind.BLL.csproj", "{F9E5C9B9-2453-460A-90C4-CAF58A51E7FB}"
EndProject
Project("{FAE04EC0-301F-11D3-BF4B-00C04F79EFBC}") = "Northwind.DAL", "Northwind.DAL\Northwind.DAL.csproj", "{582AF5C1-282C-46CE-A26A-D3B69E6BE824}"
EndProject
Project("{FAE04EC0-301F-11D3-BF4B-00C04F79EFBC}") = "Northwind.DTO", "Northwind.DTO\Northwind.DTO.csproj", "{38FE50F4-122C-4477-B3D3-E9C97892E04C}"
EndProject
Global
	GlobalSection(SolutionConfigurationPlatforms) = preSolution
		Debug|Any CPU = Debug|Any CPU
		Release|Any CPU = Release|Any CPU
	EndGlobalSection
	GlobalSection(ProjectConfigurationPlatforms) = postSolution
		{87E9E516-B5CB-409C-AB42-2E492287AB66}.Debug|Any CPU.ActiveCfg = Debug|Any CPU
		{87E9E516-B5CB-409C-AB42-2E492287AB66}.Debug|Any CPU.Build.0 = Debug|Any CPU
		{87E9E516-B5CB-409C-AB42-2E492287AB66}.Release|Any CPU.ActiveCfg = Release|Any CPU
		{87E9E516-B5CB-409C-AB42-2E492287AB66}.Release|Any CPU.Build.0 = Release|Any CPU
		{F9E5C9B9-2453-460A-90C4-CAF58A51E7FB}.Debug|Any CPU.ActiveCfg = Debug|Any CPU
		{F9E5C9B9-2453-460A-90C4-CAF58A51E7FB}.Debug|Any CPU.Build.0 = Debug|Any CPU
		{F9E5C9B9-2453-460A-90C4-CAF58A51E7FB}.Release|Any CPU.ActiveCfg = Release|Any CPU
		{F9E5C9B9-2453-460A-90C4-CAF58A51E7FB}.Release|Any CPU.Build.0 = Release|Any CPU
		{582AF5C1-282C-46CE-A26A-D3B69E6BE824}.Debug|Any CPU.ActiveCfg = Debug|Any CPU
		{582AF5C1-282C-46CE-A26A-D3B69E6BE824}.Debug|Any CPU.Build.0 = Debug|Any CPU
		{582AF5C1-282C-46CE-A26A-D3B69E6BE824}.Release|Any CPU.ActiveCfg = Release|Any CPU
		{582AF5C1-282C-46CE-A26A-D3B69E6BE824}.Release|Any CPU.Build.0 = Release|Any CPU
		{38FE50F4-122C-4477-B3D3-E9C97892E04C}.Debug|Any CPU.ActiveCfg = Debug|Any CPU
		{38FE50F4-122C-4477-B3D3-E9C97892E04C}.Debug|Any CPU.Build.0 = Debug|Any CPU
		{38FE50F4-122C-4477-B3D3-E9C97892E04C}.Release|Any CPU.ActiveCfg = Release|Any CPU
		{38FE50F4-122C-4477-B3D3-E9C97892E04C}.Release|Any CPU.Build.0 = Release|Any CPU
	EndGlobalSection
	GlobalSection(SolutionProperties) = preSolution
		HideSolutionNode = FALSE
	EndGlobalSection
	GlobalSection(ExtensibilityGlobals) = postSolution
		SolutionGuid = {D1B3F335-0E0F-42FE-83C7-A8CC91CF5FB0}
	EndGlobalSection
EndGlobal
